// !$*UTF8*$!
{
	archiveVersion = 1;
	classes = {
	};
	objectVersion = 46;
	objects = {

/* Begin PBXBuildFile section */
		756234051DC98E3C00C4A025 /* PresentableError.swift in Sources */ = {isa = PBXBuildFile; fileRef = 756234041DC98E3C00C4A025 /* PresentableError.swift */; };
		756234071DC9981600C4A025 /* HomeViewController.swift in Sources */ = {isa = PBXBuildFile; fileRef = 756234061DC9981600C4A025 /* HomeViewController.swift */; };
		756234091DC99AFC00C4A025 /* RoomCell.swift in Sources */ = {isa = PBXBuildFile; fileRef = 756234081DC99AFC00C4A025 /* RoomCell.swift */; };
		7562340B1DC99C1900C4A025 /* Room.swift in Sources */ = {isa = PBXBuildFile; fileRef = 7562340A1DC99C1900C4A025 /* Room.swift */; };
		75DF436E1DC83DA600641BE8 /* AppDelegate.swift in Sources */ = {isa = PBXBuildFile; fileRef = 75DF436D1DC83DA600641BE8 /* AppDelegate.swift */; };
		75DF43701DC83DA600641BE8 /* SplashViewController.swift in Sources */ = {isa = PBXBuildFile; fileRef = 75DF436F1DC83DA600641BE8 /* SplashViewController.swift */; };
		75DF43731DC83DA600641BE8 /* Main.storyboard in Resources */ = {isa = PBXBuildFile; fileRef = 75DF43711DC83DA600641BE8 /* Main.storyboard */; };
		75DF43751DC83DA600641BE8 /* Assets.xcassets in Resources */ = {isa = PBXBuildFile; fileRef = 75DF43741DC83DA600641BE8 /* Assets.xcassets */; };
		75DF43781DC83DA600641BE8 /* LaunchScreen.storyboard in Resources */ = {isa = PBXBuildFile; fileRef = 75DF43761DC83DA600641BE8 /* LaunchScreen.storyboard */; };
		75DF43801DC8438900641BE8 /* GoogleService-Info.plist in Resources */ = {isa = PBXBuildFile; fileRef = 75DF437F1DC8438900641BE8 /* GoogleService-Info.plist */; };
		75DF43851DC8450D00641BE8 /* SignInViewController.swift in Sources */ = {isa = PBXBuildFile; fileRef = 75DF43841DC8450D00641BE8 /* SignInViewController.swift */; };
		75DF43871DC8498300641BE8 /* LoadingView.swift in Sources */ = {isa = PBXBuildFile; fileRef = 75DF43861DC8498300641BE8 /* LoadingView.swift */; };
		75DF438E1DC84AD300641BE8 /* UIView+Additions.swift in Sources */ = {isa = PBXBuildFile; fileRef = 75DF438C1DC84AD300641BE8 /* UIView+Additions.swift */; };
		75DF438F1DC84AD300641BE8 /* Keyboard.swift in Sources */ = {isa = PBXBuildFile; fileRef = 75DF438D1DC84AD300641BE8 /* Keyboard.swift */; };
		75DF43921DC84F4400641BE8 /* SignInOperation.swift in Sources */ = {isa = PBXBuildFile; fileRef = 75DF43911DC84F4400641BE8 /* SignInOperation.swift */; };
		C04C0384A8671155CE03BE74 /* Pods_MusicRoom.framework in Frameworks */ = {isa = PBXBuildFile; fileRef = 56F85FCDEDC961C417B417E2 /* Pods_MusicRoom.framework */; };
/* End PBXBuildFile section */

/* Begin PBXFileReference section */
		4E0AD58E050463854FEAD28E /* Pods-MusicRoom.release.xcconfig */ = {isa = PBXFileReference; includeInIndex = 1; lastKnownFileType = text.xcconfig; name = "Pods-MusicRoom.release.xcconfig"; path = "Pods/Target Support Files/Pods-MusicRoom/Pods-MusicRoom.release.xcconfig"; sourceTree = "<group>"; };
		56F85FCDEDC961C417B417E2 /* Pods_MusicRoom.framework */ = {isa = PBXFileReference; explicitFileType = wrapper.framework; includeInIndex = 0; path = Pods_MusicRoom.framework; sourceTree = BUILT_PRODUCTS_DIR; };
		756234041DC98E3C00C4A025 /* PresentableError.swift */ = {isa = PBXFileReference; fileEncoding = 4; lastKnownFileType = sourcecode.swift; path = PresentableError.swift; sourceTree = "<group>"; };
		756234061DC9981600C4A025 /* HomeViewController.swift */ = {isa = PBXFileReference; fileEncoding = 4; lastKnownFileType = sourcecode.swift; path = HomeViewController.swift; sourceTree = "<group>"; };
		756234081DC99AFC00C4A025 /* RoomCell.swift */ = {isa = PBXFileReference; fileEncoding = 4; lastKnownFileType = sourcecode.swift; path = RoomCell.swift; sourceTree = "<group>"; };
		7562340A1DC99C1900C4A025 /* Room.swift */ = {isa = PBXFileReference; fileEncoding = 4; lastKnownFileType = sourcecode.swift; path = Room.swift; sourceTree = "<group>"; };
		75DF436A1DC83DA600641BE8 /* MusicRoom.app */ = {isa = PBXFileReference; explicitFileType = wrapper.application; includeInIndex = 0; path = MusicRoom.app; sourceTree = BUILT_PRODUCTS_DIR; };
		75DF436D1DC83DA600641BE8 /* AppDelegate.swift */ = {isa = PBXFileReference; lastKnownFileType = sourcecode.swift; path = AppDelegate.swift; sourceTree = "<group>"; };
		75DF436F1DC83DA600641BE8 /* SplashViewController.swift */ = {isa = PBXFileReference; lastKnownFileType = sourcecode.swift; path = SplashViewController.swift; sourceTree = "<group>"; };
		75DF43721DC83DA600641BE8 /* Base */ = {isa = PBXFileReference; lastKnownFileType = file.storyboard; name = Base; path = Base.lproj/Main.storyboard; sourceTree = "<group>"; };
		75DF43741DC83DA600641BE8 /* Assets.xcassets */ = {isa = PBXFileReference; lastKnownFileType = folder.assetcatalog; path = Assets.xcassets; sourceTree = "<group>"; };
		75DF43771DC83DA600641BE8 /* Base */ = {isa = PBXFileReference; lastKnownFileType = file.storyboard; name = Base; path = Base.lproj/LaunchScreen.storyboard; sourceTree = "<group>"; };
		75DF43791DC83DA600641BE8 /* Info.plist */ = {isa = PBXFileReference; lastKnownFileType = text.plist.xml; path = Info.plist; sourceTree = "<group>"; };
		75DF437F1DC8438900641BE8 /* GoogleService-Info.plist */ = {isa = PBXFileReference; fileEncoding = 4; lastKnownFileType = text.plist.xml; path = "GoogleService-Info.plist"; sourceTree = "<group>"; };
		75DF43841DC8450D00641BE8 /* SignInViewController.swift */ = {isa = PBXFileReference; fileEncoding = 4; lastKnownFileType = sourcecode.swift; path = SignInViewController.swift; sourceTree = "<group>"; };
		75DF43861DC8498300641BE8 /* LoadingView.swift */ = {isa = PBXFileReference; fileEncoding = 4; lastKnownFileType = sourcecode.swift; path = LoadingView.swift; sourceTree = "<group>"; };
		75DF438C1DC84AD300641BE8 /* UIView+Additions.swift */ = {isa = PBXFileReference; fileEncoding = 4; lastKnownFileType = sourcecode.swift; path = "UIView+Additions.swift"; sourceTree = "<group>"; };
		75DF438D1DC84AD300641BE8 /* Keyboard.swift */ = {isa = PBXFileReference; fileEncoding = 4; lastKnownFileType = sourcecode.swift; path = Keyboard.swift; sourceTree = "<group>"; };
		75DF43911DC84F4400641BE8 /* SignInOperation.swift */ = {isa = PBXFileReference; fileEncoding = 4; lastKnownFileType = sourcecode.swift; path = SignInOperation.swift; sourceTree = "<group>"; };
		AD342E5C429E42241F33399A /* Pods-MusicRoom.debug.xcconfig */ = {isa = PBXFileReference; includeInIndex = 1; lastKnownFileType = text.xcconfig; name = "Pods-MusicRoom.debug.xcconfig"; path = "Pods/Target Support Files/Pods-MusicRoom/Pods-MusicRoom.debug.xcconfig"; sourceTree = "<group>"; };
/* End PBXFileReference section */

/* Begin PBXFrameworksBuildPhase section */
		75DF43671DC83DA600641BE8 /* Frameworks */ = {
			isa = PBXFrameworksBuildPhase;
			buildActionMask = 2147483647;
			files = (
				C04C0384A8671155CE03BE74 /* Pods_MusicRoom.framework in Frameworks */,
			);
			runOnlyForDeploymentPostprocessing = 0;
		};
/* End PBXFrameworksBuildPhase section */

/* Begin PBXGroup section */
		381C906EF7EF96CA5539F52F /* Frameworks */ = {
			isa = PBXGroup;
			children = (
				56F85FCDEDC961C417B417E2 /* Pods_MusicRoom.framework */,
			);
			name = Frameworks;
			sourceTree = "<group>";
		};
		756234031DC98E2200C4A025 /* Model */ = {
			isa = PBXGroup;
			children = (
				756234041DC98E3C00C4A025 /* PresentableError.swift */,
				7562340A1DC99C1900C4A025 /* Room.swift */,
			);
			name = Model;
			sourceTree = "<group>";
		};
		75DF43611DC83DA600641BE8 = {
			isa = PBXGroup;
			children = (
				75DF436C1DC83DA600641BE8 /* MusicRoom */,
				75DF436B1DC83DA600641BE8 /* Products */,
				F185AF2AD87907A2A4CDD037 /* Pods */,
				381C906EF7EF96CA5539F52F /* Frameworks */,
			);
			sourceTree = "<group>";
		};
		75DF436B1DC83DA600641BE8 /* Products */ = {
			isa = PBXGroup;
			children = (
				75DF436A1DC83DA600641BE8 /* MusicRoom.app */,
			);
			name = Products;
			sourceTree = "<group>";
		};
		75DF436C1DC83DA600641BE8 /* MusicRoom */ = {
			isa = PBXGroup;
			children = (
				756234031DC98E2200C4A025 /* Model */,
				75DF43901DC84EF300641BE8 /* Business */,
				75DF438B1DC84AC000641BE8 /* Extensions/Utility */,
				75DF43831DC843AC00641BE8 /* Presentation */,
				75DF43821DC8439D00641BE8 /* Resources */,
				75DF43811DC8438C00641BE8 /* Supporting Files */,
			);
			path = MusicRoom;
			sourceTree = "<group>";
		};
		75DF43811DC8438C00641BE8 /* Supporting Files */ = {
			isa = PBXGroup;
			children = (
				75DF43791DC83DA600641BE8 /* Info.plist */,
				75DF436D1DC83DA600641BE8 /* AppDelegate.swift */,
			);
			name = "Supporting Files";
			sourceTree = "<group>";
		};
		75DF43821DC8439D00641BE8 /* Resources */ = {
			isa = PBXGroup;
			children = (
				75DF43741DC83DA600641BE8 /* Assets.xcassets */,
				75DF437F1DC8438900641BE8 /* GoogleService-Info.plist */,
			);
			name = Resources;
			sourceTree = "<group>";
		};
		75DF43831DC843AC00641BE8 /* Presentation */ = {
			isa = PBXGroup;
			children = (
				75DF438A1DC849A300641BE8 /* Interface */,
				75DF43891DC8499700641BE8 /* Controllers */,
				75DF43881DC8498800641BE8 /* Views */,
			);
			name = Presentation;
			sourceTree = "<group>";
		};
		75DF43881DC8498800641BE8 /* Views */ = {
			isa = PBXGroup;
			children = (
				75DF43861DC8498300641BE8 /* LoadingView.swift */,
				756234081DC99AFC00C4A025 /* RoomCell.swift */,
			);
			name = Views;
			sourceTree = "<group>";
		};
		75DF43891DC8499700641BE8 /* Controllers */ = {
			isa = PBXGroup;
			children = (
				75DF436F1DC83DA600641BE8 /* SplashViewController.swift */,
				75DF43841DC8450D00641BE8 /* SignInViewController.swift */,
				756234061DC9981600C4A025 /* HomeViewController.swift */,
			);
			name = Controllers;
			sourceTree = "<group>";
		};
		75DF438A1DC849A300641BE8 /* Interface */ = {
			isa = PBXGroup;
			children = (
				75DF43761DC83DA600641BE8 /* LaunchScreen.storyboard */,
				75DF43711DC83DA600641BE8 /* Main.storyboard */,
			);
			name = Interface;
			sourceTree = "<group>";
		};
		75DF438B1DC84AC000641BE8 /* Extensions/Utility */ = {
			isa = PBXGroup;
			children = (
				75DF438C1DC84AD300641BE8 /* UIView+Additions.swift */,
				75DF438D1DC84AD300641BE8 /* Keyboard.swift */,
			);
			name = Extensions/Utility;
			sourceTree = "<group>";
		};
		75DF43901DC84EF300641BE8 /* Business */ = {
			isa = PBXGroup;
			children = (
				75DF43911DC84F4400641BE8 /* SignInOperation.swift */,
			);
			name = Business;
			sourceTree = "<group>";
		};
		F185AF2AD87907A2A4CDD037 /* Pods */ = {
			isa = PBXGroup;
			children = (
				AD342E5C429E42241F33399A /* Pods-MusicRoom.debug.xcconfig */,
				4E0AD58E050463854FEAD28E /* Pods-MusicRoom.release.xcconfig */,
			);
			name = Pods;
			sourceTree = "<group>";
		};
/* End PBXGroup section */

/* Begin PBXNativeTarget section */
		75DF43691DC83DA600641BE8 /* MusicRoom */ = {
			isa = PBXNativeTarget;
			buildConfigurationList = 75DF437C1DC83DA600641BE8 /* Build configuration list for PBXNativeTarget "MusicRoom" */;
			buildPhases = (
				93A0EC1D591271CF5AD37800 /* [CP] Check Pods Manifest.lock */,
				75DF43661DC83DA600641BE8 /* Sources */,
				75DF43671DC83DA600641BE8 /* Frameworks */,
				75DF43681DC83DA600641BE8 /* Resources */,
				0520CBBA171248DE2727FF00 /* [CP] Embed Pods Frameworks */,
				7EC64C8931D34178311BF0CB /* [CP] Copy Pods Resources */,
			);
			buildRules = (
			);
			dependencies = (
			);
			name = MusicRoom;
			productName = MusicRoom;
			productReference = 75DF436A1DC83DA600641BE8 /* MusicRoom.app */;
			productType = "com.apple.product-type.application";
		};
/* End PBXNativeTarget section */

/* Begin PBXProject section */
		75DF43621DC83DA600641BE8 /* Project object */ = {
			isa = PBXProject;
			attributes = {
				LastSwiftUpdateCheck = 0810;
				LastUpgradeCheck = 0810;
				ORGANIZATIONNAME = "Claybrook Software";
				TargetAttributes = {
					75DF43691DC83DA600641BE8 = {
						CreatedOnToolsVersion = 8.1;
						DevelopmentTeam = 4SGAZDJL4U;
						ProvisioningStyle = Automatic;
					};
				};
			};
			buildConfigurationList = 75DF43651DC83DA600641BE8 /* Build configuration list for PBXProject "MusicRoom" */;
			compatibilityVersion = "Xcode 3.2";
			developmentRegion = English;
			hasScannedForEncodings = 0;
			knownRegions = (
				en,
				Base,
			);
			mainGroup = 75DF43611DC83DA600641BE8;
			productRefGroup = 75DF436B1DC83DA600641BE8 /* Products */;
			projectDirPath = "";
			projectRoot = "";
			targets = (
				75DF43691DC83DA600641BE8 /* MusicRoom */,
			);
		};
/* End PBXProject section */

/* Begin PBXResourcesBuildPhase section */
		75DF43681DC83DA600641BE8 /* Resources */ = {
			isa = PBXResourcesBuildPhase;
			buildActionMask = 2147483647;
			files = (
				75DF43781DC83DA600641BE8 /* LaunchScreen.storyboard in Resources */,
				75DF43801DC8438900641BE8 /* GoogleService-Info.plist in Resources */,
				75DF43751DC83DA600641BE8 /* Assets.xcassets in Resources */,
				75DF43731DC83DA600641BE8 /* Main.storyboard in Resources */,
			);
			runOnlyForDeploymentPostprocessing = 0;
		};
/* End PBXResourcesBuildPhase section */

/* Begin PBXShellScriptBuildPhase section */
		0520CBBA171248DE2727FF00 /* [CP] Embed Pods Frameworks */ = {
			isa = PBXShellScriptBuildPhase;
			buildActionMask = 2147483647;
			files = (
			);
			inputPaths = (
			);
			name = "[CP] Embed Pods Frameworks";
			outputPaths = (
			);
			runOnlyForDeploymentPostprocessing = 0;
			shellPath = /bin/sh;
			shellScript = "\"${SRCROOT}/Pods/Target Support Files/Pods-MusicRoom/Pods-MusicRoom-frameworks.sh\"\n";
			showEnvVarsInLog = 0;
		};
		7EC64C8931D34178311BF0CB /* [CP] Copy Pods Resources */ = {
			isa = PBXShellScriptBuildPhase;
			buildActionMask = 2147483647;
			files = (
			);
			inputPaths = (
			);
			name = "[CP] Copy Pods Resources";
			outputPaths = (
			);
			runOnlyForDeploymentPostprocessing = 0;
			shellPath = /bin/sh;
			shellScript = "\"${SRCROOT}/Pods/Target Support Files/Pods-MusicRoom/Pods-MusicRoom-resources.sh\"\n";
			showEnvVarsInLog = 0;
		};
		93A0EC1D591271CF5AD37800 /* [CP] Check Pods Manifest.lock */ = {
			isa = PBXShellScriptBuildPhase;
			buildActionMask = 2147483647;
			files = (
			);
			inputPaths = (
			);
			name = "[CP] Check Pods Manifest.lock";
			outputPaths = (
			);
			runOnlyForDeploymentPostprocessing = 0;
			shellPath = /bin/sh;
			shellScript = "diff \"${PODS_ROOT}/../Podfile.lock\" \"${PODS_ROOT}/Manifest.lock\" > /dev/null\nif [ $? != 0 ] ; then\n    # print error to STDERR\n    echo \"error: The sandbox is not in sync with the Podfile.lock. Run 'pod install' or update your CocoaPods installation.\" >&2\n    exit 1\nfi\n";
			showEnvVarsInLog = 0;
		};
/* End PBXShellScriptBuildPhase section */

/* Begin PBXSourcesBuildPhase section */
		75DF43661DC83DA600641BE8 /* Sources */ = {
			isa = PBXSourcesBuildPhase;
			buildActionMask = 2147483647;
			files = (
				756234051DC98E3C00C4A025 /* PresentableError.swift in Sources */,
				75DF438E1DC84AD300641BE8 /* UIView+Additions.swift in Sources */,
				75DF43701DC83DA600641BE8 /* SplashViewController.swift in Sources */,
				75DF43921DC84F4400641BE8 /* SignInOperation.swift in Sources */,
				75DF43871DC8498300641BE8 /* LoadingView.swift in Sources */,
				756234071DC9981600C4A025 /* HomeViewController.swift in Sources */,
				75DF436E1DC83DA600641BE8 /* AppDelegate.swift in Sources */,
				75DF438F1DC84AD300641BE8 /* Keyboard.swift in Sources */,
				756234091DC99AFC00C4A025 /* RoomCell.swift in Sources */,
				75DF43851DC8450D00641BE8 /* SignInViewController.swift in Sources */,
				7562340B1DC99C1900C4A025 /* Room.swift in Sources */,
			);
			runOnlyForDeploymentPostprocessing = 0;
		};
/* End PBXSourcesBuildPhase section */

/* Begin PBXVariantGroup section */
		75DF43711DC83DA600641BE8 /* Main.storyboard */ = {
			isa = PBXVariantGroup;
			children = (
				75DF43721DC83DA600641BE8 /* Base */,
			);
			name = Main.storyboard;
			sourceTree = "<group>";
		};
		75DF43761DC83DA600641BE8 /* LaunchScreen.storyboard */ = {
			isa = PBXVariantGroup;
			children = (
				75DF43771DC83DA600641BE8 /* Base */,
			);
			name = LaunchScreen.storyboard;
			sourceTree = "<group>";
		};
/* End PBXVariantGroup section */

/* Begin XCBuildConfiguration section */
		75DF437A1DC83DA600641BE8 /* Debug */ = {
			isa = XCBuildConfiguration;
			buildSettings = {
				ALWAYS_SEARCH_USER_PATHS = NO;
				CLANG_ANALYZER_NONNULL = YES;
				CLANG_CXX_LANGUAGE_STANDARD = "gnu++0x";
				CLANG_CXX_LIBRARY = "libc++";
				CLANG_ENABLE_MODULES = YES;
				CLANG_ENABLE_OBJC_ARC = YES;
				CLANG_WARN_BOOL_CONVERSION = YES;
				CLANG_WARN_CONSTANT_CONVERSION = YES;
				CLANG_WARN_DIRECT_OBJC_ISA_USAGE = YES_ERROR;
				CLANG_WARN_DOCUMENTATION_COMMENTS = YES;
				CLANG_WARN_EMPTY_BODY = YES;
				CLANG_WARN_ENUM_CONVERSION = YES;
				CLANG_WARN_INFINITE_RECURSION = YES;
				CLANG_WARN_INT_CONVERSION = YES;
				CLANG_WARN_OBJC_ROOT_CLASS = YES_ERROR;
				CLANG_WARN_SUSPICIOUS_MOVES = YES;
				CLANG_WARN_UNREACHABLE_CODE = YES;
				CLANG_WARN__DUPLICATE_METHOD_MATCH = YES;
				"CODE_SIGN_IDENTITY[sdk=iphoneos*]" = "iPhone Developer";
				COPY_PHASE_STRIP = NO;
				DEBUG_INFORMATION_FORMAT = dwarf;
				ENABLE_STRICT_OBJC_MSGSEND = YES;
				ENABLE_TESTABILITY = YES;
				GCC_C_LANGUAGE_STANDARD = gnu99;
				GCC_DYNAMIC_NO_PIC = NO;
				GCC_NO_COMMON_BLOCKS = YES;
				GCC_OPTIMIZATION_LEVEL = 0;
				GCC_PREPROCESSOR_DEFINITIONS = (
					"DEBUG=1",
					"$(inherited)",
				);
				GCC_WARN_64_TO_32_BIT_CONVERSION = YES;
				GCC_WARN_ABOUT_RETURN_TYPE = YES_ERROR;
				GCC_WARN_UNDECLARED_SELECTOR = YES;
				GCC_WARN_UNINITIALIZED_AUTOS = YES_AGGRESSIVE;
				GCC_WARN_UNUSED_FUNCTION = YES;
				GCC_WARN_UNUSED_VARIABLE = YES;
				IPHONEOS_DEPLOYMENT_TARGET = 10.1;
				MTL_ENABLE_DEBUG_INFO = YES;
				ONLY_ACTIVE_ARCH = YES;
				SDKROOT = iphoneos;
				SWIFT_ACTIVE_COMPILATION_CONDITIONS = DEBUG;
				SWIFT_OPTIMIZATION_LEVEL = "-Onone";
				TARGETED_DEVICE_FAMILY = "1,2";
			};
			name = Debug;
		};
		75DF437B1DC83DA600641BE8 /* Release */ = {
			isa = XCBuildConfiguration;
			buildSettings = {
				ALWAYS_SEARCH_USER_PATHS = NO;
				CLANG_ANALYZER_NONNULL = YES;
				CLANG_CXX_LANGUAGE_STANDARD = "gnu++0x";
				CLANG_CXX_LIBRARY = "libc++";
				CLANG_ENABLE_MODULES = YES;
				CLANG_ENABLE_OBJC_ARC = YES;
				CLANG_WARN_BOOL_CONVERSION = YES;
				CLANG_WARN_CONSTANT_CONVERSION = YES;
				CLANG_WARN_DIRECT_OBJC_ISA_USAGE = YES_ERROR;
				CLANG_WARN_DOCUMENTATION_COMMENTS = YES;
				CLANG_WARN_EMPTY_BODY = YES;
				CLANG_WARN_ENUM_CONVERSION = YES;
				CLANG_WARN_INFINITE_RECURSION = YES;
				CLANG_WARN_INT_CONVERSION = YES;
				CLANG_WARN_OBJC_ROOT_CLASS = YES_ERROR;
				CLANG_WARN_SUSPICIOUS_MOVES = YES;
				CLANG_WARN_UNREACHABLE_CODE = YES;
				CLANG_WARN__DUPLICATE_METHOD_MATCH = YES;
				"CODE_SIGN_IDENTITY[sdk=iphoneos*]" = "iPhone Developer";
				COPY_PHASE_STRIP = NO;
				DEBUG_INFORMATION_FORMAT = "dwarf-with-dsym";
				ENABLE_NS_ASSERTIONS = NO;
				ENABLE_STRICT_OBJC_MSGSEND = YES;
				GCC_C_LANGUAGE_STANDARD = gnu99;
				GCC_NO_COMMON_BLOCKS = YES;
				GCC_WARN_64_TO_32_BIT_CONVERSION = YES;
				GCC_WARN_ABOUT_RETURN_TYPE = YES_ERROR;
				GCC_WARN_UNDECLARED_SELECTOR = YES;
				GCC_WARN_UNINITIALIZED_AUTOS = YES_AGGRESSIVE;
				GCC_WARN_UNUSED_FUNCTION = YES;
				GCC_WARN_UNUSED_VARIABLE = YES;
				IPHONEOS_DEPLOYMENT_TARGET = 10.1;
				MTL_ENABLE_DEBUG_INFO = NO;
				SDKROOT = iphoneos;
				SWIFT_OPTIMIZATION_LEVEL = "-Owholemodule";
				TARGETED_DEVICE_FAMILY = "1,2";
				VALIDATE_PRODUCT = YES;
			};
			name = Release;
		};
		75DF437D1DC83DA600641BE8 /* Debug */ = {
			isa = XCBuildConfiguration;
			baseConfigurationReference = AD342E5C429E42241F33399A /* Pods-MusicRoom.debug.xcconfig */;
			buildSettings = {
				ASSETCATALOG_COMPILER_APPICON_NAME = AppIcon;
				DEVELOPMENT_TEAM = 4SGAZDJL4U;
				INFOPLIST_FILE = MusicRoom/Info.plist;
				LD_RUNPATH_SEARCH_PATHS = "$(inherited) @executable_path/Frameworks";
				PRODUCT_BUNDLE_IDENTIFIER = com.claybrooksoftware.MusicRoom;
				PRODUCT_NAME = "$(TARGET_NAME)";
				SWIFT_VERSION = 3.0;
			};
			name = Debug;
		};
		75DF437E1DC83DA600641BE8 /* Release */ = {
			isa = XCBuildConfiguration;
			baseConfigurationReference = 4E0AD58E050463854FEAD28E /* Pods-MusicRoom.release.xcconfig */;
			buildSettings = {
				ASSETCATALOG_COMPILER_APPICON_NAME = AppIcon;
				DEVELOPMENT_TEAM = 4SGAZDJL4U;
				INFOPLIST_FILE = MusicRoom/Info.plist;
				LD_RUNPATH_SEARCH_PATHS = "$(inherited) @executable_path/Frameworks";
				PRODUCT_BUNDLE_IDENTIFIER = com.claybrooksoftware.MusicRoom;
				PRODUCT_NAME = "$(TARGET_NAME)";
				SWIFT_VERSION = 3.0;
			};
			name = Release;
		};
/* End XCBuildConfiguration section */

/* Begin XCConfigurationList section */
		75DF43651DC83DA600641BE8 /* Build configuration list for PBXProject "MusicRoom" */ = {
			isa = XCConfigurationList;
			buildConfigurations = (
				75DF437A1DC83DA600641BE8 /* Debug */,
				75DF437B1DC83DA600641BE8 /* Release */,
			);
			defaultConfigurationIsVisible = 0;
			defaultConfigurationName = Release;
		};
		75DF437C1DC83DA600641BE8 /* Build configuration list for PBXNativeTarget "MusicRoom" */ = {
			isa = XCConfigurationList;
			buildConfigurations = (
				75DF437D1DC83DA600641BE8 /* Debug */,
				75DF437E1DC83DA600641BE8 /* Release */,
			);
			defaultConfigurationIsVisible = 0;
			defaultConfigurationName = Release;
		};
/* End XCConfigurationList section */
	};
	rootObject = 75DF43621DC83DA600641BE8 /* Project object */;
}
